
Microsoft Visual Studio Solution File, Format Version 12.00
# Visual Studio Version 17
VisualStudioVersion = 17.4.33205.214
MinimumVisualStudioVersion = 10.0.40219.1
Project("{FAE04EC0-301F-11D3-BF4B-00C04F79EFBC}") = "UpCasting and DownCasting", "UpCasting and DownCasting\UpCasting and DownCasting.csproj", "{65ECB194-ACCA-4101-8F51-2F6F922CF8AF}"
EndProject
Global
	GlobalSection(SolutionConfigurationPlatforms) = preSolution
		Debug|Any CPU = Debug|Any CPU
		Release|Any CPU = Release|Any CPU
	EndGlobalSection
	GlobalSection(ProjectConfigurationPlatforms) = postSolution
		{65ECB194-ACCA-4101-8F51-2F6F922CF8AF}.Debug|Any CPU.ActiveCfg = Debug|Any CPU
		{65ECB194-ACCA-4101-8F51-2F6F922CF8AF}.Debug|Any CPU.Build.0 = Debug|Any CPU
		{65ECB194-ACCA-4101-8F51-2F6F922CF8AF}.Release|Any CPU.ActiveCfg = Release|Any CPU
		{65ECB194-ACCA-4101-8F51-2F6F922CF8AF}.Release|Any CPU.Build.0 = Release|Any CPU
	EndGlobalSection
	GlobalSection(SolutionProperties) = preSolution
		HideSolutionNode = FALSE
	EndGlobalSection
	GlobalSection(ExtensibilityGlobals) = postSolution
		SolutionGuid = {8B4E1CA8-E51C-43AF-9AA5-9F0D1CB1D38C}
	EndGlobalSection
EndGlobal
